github.com/gorilla/websocket v1.5.3 h1:saDtZ6Pbx/0u+bgYQ3q96pZgCzfhKXGPqt7kZ72aNNg=
github.com/gorilla/websocket v1.5.3/go.mod h1:YR8l580nyteQvAITg2hZ9XVh4b55+EU/adAjf1fMHhE=
github.com/pebbe/zmq4 v1.2.11 h1:Ua5mgIaZeabUGnH7tqswkUcjkL7JYGai5e8v4hpEU9Q=
github.com/pebbe/zmq4 v1.2.11/go.mod h1:nqnPueOapVhE2wItZ0uOErngczsJdLOGkebMxaO8r48=
